<Solution>
  <Project Path="Lecture2_HW/Lecture2_HW.csproj" />
  <Project Path="Lecture3_HW/Lecture3_HW.csproj" Id="e0e650fe-9da8-43bc-957f-27e32ac8f8ba" />
  <Project Path="Lecture4_HW/Lecture4_HW.csproj" Id="fc66ebb6-7a98-447d-ae35-684abc6a5810" />
  <Project Path="Lecture5_HW/Lecture5_HW.csproj" Id="005df79e-0627-4ad0-b7f7-5f3372c9d050" />
  <Project Path="Lecture6_HW/Lecture6_HW.csproj" Id="65a5dba7-a293-45b8-ba56-e9ef44e661be" />
  <Project Path="Lecture7_HW/Lecture7_HW.csproj" Id="be6af31b-27e1-4cc5-8e5b-28c07d35b9e8" />
  <Project Path="Lecture8_HW/Lecture8_HW.csproj" Id="0e859d9a-4869-4681-b2a5-952415ad9e9a" />
  <Project Path="Lecture9_HW/Lecture9_HW.csproj" Id="7be2a0d8-b234-4754-8549-8960a3bc4201" />
</Solution>
