<Solution>
  <Project Path="Lecture2_HW/Lecture2_HW.csproj" />
  <Project Path="Lecture3_HW/Lecture3_HW.csproj" Id="e0e650fe-9da8-43bc-957f-27e32ac8f8ba" />
  <Project Path="Lecture4_HW/Lecture4_HW.csproj" Id="fc66ebb6-7a98-447d-ae35-684abc6a5810" />
  <Project Path="Lecture5_HW/Lecture5_HW.csproj" Id="005df79e-0627-4ad0-b7f7-5f3372c9d050" />
</Solution>
