<Solution>
  <Project Path="Lecture10_HW/Lecture10_HW.csproj" Id="a6f2ccbb-1739-4501-9b60-7ff5f1a871a9" />
  <Project Path="Lecture11_HW/Lecture11_HW.csproj" Id="190b9c61-6cec-4661-b333-90fba2844f3f" />
  <Project Path="Lecture12_HW/Lecture12_HW.csproj" Id="54527ef4-8335-4672-a630-20bdea16a197" />
  <Project Path="Lecture13_HW/Lecture13_HW.csproj" Id="4da05f4b-490f-46ea-9301-f221534867c1" />
  <Project Path="Lecture15_HW/Lecture15_HW.csproj" Id="366f8bf1-d15d-4f87-aac3-9d7c16be4812" />
  <Project Path="Lecture2_HW/Lecture2_HW.csproj" />
  <Project Path="Lecture3_HW/Lecture3_HW.csproj" Id="e0e650fe-9da8-43bc-957f-27e32ac8f8ba" />
  <Project Path="Lecture4_HW/Lecture4_HW.csproj" Id="fc66ebb6-7a98-447d-ae35-684abc6a5810" />
  <Project Path="Lecture5_HW/Lecture5_HW.csproj" Id="005df79e-0627-4ad0-b7f7-5f3372c9d050" />
  <Project Path="Lecture6_HW/Lecture6_HW.csproj" Id="65a5dba7-a293-45b8-ba56-e9ef44e661be" />
  <Project Path="Lecture7_HW/Lecture7_HW.csproj" Id="be6af31b-27e1-4cc5-8e5b-28c07d35b9e8" />
  <Project Path="Lecture8_HW/Lecture8_HW.csproj" Id="0e859d9a-4869-4681-b2a5-952415ad9e9a" />
  <Project Path="Lecture9_HW/Lecture9_HW.csproj" Id="7be2a0d8-b234-4754-8549-8960a3bc4201" />
</Solution>
